# THIS IS AN AUTOGENERATED FILE. DO NOT EDIT THIS FILE DIRECTLY.
# yarn lockfile v1


"@amaurymartiny/eslintrc@^1.0.0":
  version "1.0.0"
  resolved "https://registry.yarnpkg.com/@amaurymartiny/eslintrc/-/eslintrc-1.0.0.tgz#f7f708d6be42f6d67493624f8cd073f1320a4f07"
  integrity sha512-qHaBPwR0lxGxlK9RxFwWVCrSzD3X2hkdEVRTtunf4LmWHtIwFpCksxihNTA/1uRIgDNdpG4Uk+m7Z20LtrsJlQ==

"@amaurymartiny/tsconfig@^1.0.0":
  version "1.0.0"
  resolved "https://registry.yarnpkg.com/@amaurymartiny/tsconfig/-/tsconfig-1.0.0.tgz#e49c053ab4478afbc6dcb106e13195dff3a9c850"
  integrity sha512-Yej6SEVlu2SWYrA0LkLxhtV09tUaFL/0BBjAM0F2OQK/GiSVwleppDuMKOpHp4BVrjP2el9oBFIqCobV0W8wIQ==
